// !$*UTF8*$!
{
	archiveVersion = 1;
	classes = {
	};
	objectVersion = 46;
	objects = {

/* Begin PBXBuildFile section */
		E52CA131EE7F54B8729D4F01 /* ExtraFirstViewController.swift in Sources */ = {isa = PBXBuildFile; fileRef = E52CAA7DD4CA6E275FF70B4B /* ExtraFirstViewController.swift */; };
		E52CA18B68489E5A24C2EC96 /* ApiTarget.swift in Sources */ = {isa = PBXBuildFile; fileRef = E52CA7AFD67B290EB8E50FAD /* ApiTarget.swift */; };
		E52CA29E2342CFC94204B11A /* ViewController.swift in Sources */ = {isa = PBXBuildFile; fileRef = E52CA9E190A2EDDA11943303 /* ViewController.swift */; };
		E52CA2C9AAEF20B382754F1A /* TestEnum.swift in Sources */ = {isa = PBXBuildFile; fileRef = E52CA1BB6F04CF5E52EAD186 /* TestEnum.swift */; };
		E52CA343CA88DADAFED906F3 /* Assets.xcassets in Resources */ = {isa = PBXBuildFile; fileRef = E52CA56AB12FAED9BFE8EE24 /* Assets.xcassets */; };
		E52CA3EAF80226849334F0BC /* MoyaProvider+Rx.swift in Sources */ = {isa = PBXBuildFile; fileRef = E52CAEB56B0373946F96CF34 /* MoyaProvider+Rx.swift */; };
		E52CA41904F5462040F82050 /* CodingPlugin.swift in Sources */ = {isa = PBXBuildFile; fileRef = E52CA19AD0CF959ED8455AB2 /* CodingPlugin.swift */; };
		E52CA486B196C987592CE4B8 /* AppDelegate.swift in Sources */ = {isa = PBXBuildFile; fileRef = E52CA304638BD019E614F42D /* AppDelegate.swift */; };
		E52CA4D7C9A09F61468EDDAB /* PropertyWrapperTest.swift in Sources */ = {isa = PBXBuildFile; fileRef = E52CA952EAD0BF26D9C7DD13 /* PropertyWrapperTest.swift */; };
		E52CA58E3B3F471A970AFA4D /* SwiftExtensions.swift in Sources */ = {isa = PBXBuildFile; fileRef = E52CA91AD1885FF452A8E002 /* SwiftExtensions.swift */; };
		E52CA6E46FC267FC465F8270 /* Observable+Response.swift in Sources */ = {isa = PBXBuildFile; fileRef = E52CABFE72FAA44F3CB15C15 /* Observable+Response.swift */; };
		E52CA8A539CDCB8B3265E0D3 /* ProviderManager.swift in Sources */ = {isa = PBXBuildFile; fileRef = E52CA37A7124D682696E5773 /* ProviderManager.swift */; };
		E52CAB4227CD4BD23BD85666 /* FullViewController.swift in Sources */ = {isa = PBXBuildFile; fileRef = E52CACD6101355F04980EF9E /* FullViewController.swift */; };
		E52CAC8D4DC6553A729A11B6 /* StockApi.swift in Sources */ = {isa = PBXBuildFile; fileRef = E52CA8E1DD0DE8010BBA809A /* StockApi.swift */; };
		E52CAD8E706451723E464239 /* Main.storyboard in Resources */ = {isa = PBXBuildFile; fileRef = E52CAEAE6C4186EB66A4A556 /* Main.storyboard */; };
		E52CAF22D23F8E488AB2F461 /* Single+Response.swift in Sources */ = {isa = PBXBuildFile; fileRef = E52CA248310A74DDF5393495 /* Single+Response.swift */; };
		E52CAF8DDBFDE48817EC87E6 /* FullSubViewController.swift in Sources */ = {isa = PBXBuildFile; fileRef = E52CAD2C021B80CD0766F712 /* FullSubViewController.swift */; };
		E52CAFD420487EADBC693EDA /* LaunchScreen.storyboard in Resources */ = {isa = PBXBuildFile; fileRef = E52CA300544DFF978B784543 /* LaunchScreen.storyboard */; };
		ED6906E53D3E4BD65063C656 /* Pods_SwiftExtension.framework in Frameworks */ = {isa = PBXBuildFile; fileRef = 79BF482332BFA668F862FB6F /* Pods_SwiftExtension.framework */; };
/* End PBXBuildFile section */

/* Begin PBXFileReference section */
		5407D599D4727EC0B5AD5D80 /* Pods-SwiftExtension.debug.xcconfig */ = {isa = PBXFileReference; includeInIndex = 1; lastKnownFileType = text.xcconfig; name = "Pods-SwiftExtension.debug.xcconfig"; path = "Target Support Files/Pods-SwiftExtension/Pods-SwiftExtension.debug.xcconfig"; sourceTree = "<group>"; };
		79BF482332BFA668F862FB6F /* Pods_SwiftExtension.framework */ = {isa = PBXFileReference; explicitFileType = wrapper.framework; includeInIndex = 0; path = Pods_SwiftExtension.framework; sourceTree = BUILT_PRODUCTS_DIR; };
		E52CA19AD0CF959ED8455AB2 /* CodingPlugin.swift */ = {isa = PBXFileReference; fileEncoding = 4; lastKnownFileType = sourcecode.swift; path = CodingPlugin.swift; sourceTree = "<group>"; };
		E52CA1BB6F04CF5E52EAD186 /* TestEnum.swift */ = {isa = PBXFileReference; fileEncoding = 4; lastKnownFileType = sourcecode.swift; path = TestEnum.swift; sourceTree = "<group>"; };
		E52CA248310A74DDF5393495 /* Single+Response.swift */ = {isa = PBXFileReference; fileEncoding = 4; lastKnownFileType = sourcecode.swift; path = "Single+Response.swift"; sourceTree = "<group>"; };
		E52CA304638BD019E614F42D /* AppDelegate.swift */ = {isa = PBXFileReference; lastKnownFileType = sourcecode.swift; path = AppDelegate.swift; sourceTree = "<group>"; };
		E52CA37A7124D682696E5773 /* ProviderManager.swift */ = {isa = PBXFileReference; fileEncoding = 4; lastKnownFileType = sourcecode.swift; path = ProviderManager.swift; sourceTree = "<group>"; };
		E52CA56AB12FAED9BFE8EE24 /* Assets.xcassets */ = {isa = PBXFileReference; lastKnownFileType = folder.assetcatalog; path = Assets.xcassets; sourceTree = "<group>"; };
		E52CA7AFD67B290EB8E50FAD /* ApiTarget.swift */ = {isa = PBXFileReference; fileEncoding = 4; lastKnownFileType = sourcecode.swift; path = ApiTarget.swift; sourceTree = "<group>"; };
		E52CA8E1DD0DE8010BBA809A /* StockApi.swift */ = {isa = PBXFileReference; fileEncoding = 4; lastKnownFileType = sourcecode.swift; path = StockApi.swift; sourceTree = "<group>"; };
		E52CA8F539C9D4C664FEF208 /* SwiftExtension.app */ = {isa = PBXFileReference; explicitFileType = wrapper.application; includeInIndex = 0; path = SwiftExtension.app; sourceTree = BUILT_PRODUCTS_DIR; };
		E52CA91AD1885FF452A8E002 /* SwiftExtensions.swift */ = {isa = PBXFileReference; fileEncoding = 4; lastKnownFileType = sourcecode.swift; path = SwiftExtensions.swift; sourceTree = "<group>"; };
		E52CA952EAD0BF26D9C7DD13 /* PropertyWrapperTest.swift */ = {isa = PBXFileReference; fileEncoding = 4; lastKnownFileType = sourcecode.swift; path = PropertyWrapperTest.swift; sourceTree = "<group>"; };
		E52CA9E190A2EDDA11943303 /* ViewController.swift */ = {isa = PBXFileReference; lastKnownFileType = sourcecode.swift; path = ViewController.swift; sourceTree = "<group>"; };
		E52CAA7DD4CA6E275FF70B4B /* ExtraFirstViewController.swift */ = {isa = PBXFileReference; fileEncoding = 4; lastKnownFileType = sourcecode.swift; path = ExtraFirstViewController.swift; sourceTree = "<group>"; };
		E52CAB0B880D81D05BC10B41 /* Base */ = {isa = PBXFileReference; lastKnownFileType = file.storyboard; name = Base; path = Base.lproj/Main.storyboard; sourceTree = "<group>"; };
		E52CABFE72FAA44F3CB15C15 /* Observable+Response.swift */ = {isa = PBXFileReference; fileEncoding = 4; lastKnownFileType = sourcecode.swift; path = "Observable+Response.swift"; sourceTree = "<group>"; };
		E52CAC05AC3CBFD784F53D07 /* Base */ = {isa = PBXFileReference; lastKnownFileType = file.storyboard; name = Base; path = Base.lproj/LaunchScreen.storyboard; sourceTree = "<group>"; };
		E52CACD6101355F04980EF9E /* FullViewController.swift */ = {isa = PBXFileReference; fileEncoding = 4; lastKnownFileType = sourcecode.swift; path = FullViewController.swift; sourceTree = "<group>"; };
		E52CAD2C021B80CD0766F712 /* FullSubViewController.swift */ = {isa = PBXFileReference; fileEncoding = 4; lastKnownFileType = sourcecode.swift; path = FullSubViewController.swift; sourceTree = "<group>"; };
		E52CAEB56B0373946F96CF34 /* MoyaProvider+Rx.swift */ = {isa = PBXFileReference; fileEncoding = 4; lastKnownFileType = sourcecode.swift; path = "MoyaProvider+Rx.swift"; sourceTree = "<group>"; };
		E52CAF3D1CB05AC5C62F461F /* Info.plist */ = {isa = PBXFileReference; lastKnownFileType = text.plist.info; path = Info.plist; sourceTree = "<group>"; };
		F75E2647ADA84637FE43BEDD /* Pods-SwiftExtension.release.xcconfig */ = {isa = PBXFileReference; includeInIndex = 1; lastKnownFileType = text.xcconfig; name = "Pods-SwiftExtension.release.xcconfig"; path = "Target Support Files/Pods-SwiftExtension/Pods-SwiftExtension.release.xcconfig"; sourceTree = "<group>"; };
/* End PBXFileReference section */

/* Begin PBXFrameworksBuildPhase section */
		E52CAF7743825E14B951ED26 /* Frameworks */ = {
			isa = PBXFrameworksBuildPhase;
			buildActionMask = 2147483647;
			files = (
				ED6906E53D3E4BD65063C656 /* Pods_SwiftExtension.framework in Frameworks */,
			);
			runOnlyForDeploymentPostprocessing = 0;
		};
/* End PBXFrameworksBuildPhase section */

/* Begin PBXGroup section */
		01A50C49C4B5CDB8AC70A3EB /* Pods */ = {
			isa = PBXGroup;
			children = (
				5407D599D4727EC0B5AD5D80 /* Pods-SwiftExtension.debug.xcconfig */,
				F75E2647ADA84637FE43BEDD /* Pods-SwiftExtension.release.xcconfig */,
			);
			path = Pods;
			sourceTree = "<group>";
		};
		497892CC7FFBB277FD3EA355 /* Frameworks */ = {
			isa = PBXGroup;
			children = (
				79BF482332BFA668F862FB6F /* Pods_SwiftExtension.framework */,
			);
			name = Frameworks;
			sourceTree = "<group>";
		};
		E52CA18EC16828162A48655E /* TestFiles */ = {
			isa = PBXGroup;
			children = (
				E52CA952EAD0BF26D9C7DD13 /* PropertyWrapperTest.swift */,
				E52CA38A9C7C279CFD3BADAA /* FullTest */,
				E52CA1BB6F04CF5E52EAD186 /* TestEnum.swift */,
			);
			path = TestFiles;
			sourceTree = "<group>";
		};
		E52CA38A9C7C279CFD3BADAA /* FullTest */ = {
			isa = PBXGroup;
			children = (
				E52CACD6101355F04980EF9E /* FullViewController.swift */,
				E52CAD2C021B80CD0766F712 /* FullSubViewController.swift */,
				E52CAA7DD4CA6E275FF70B4B /* ExtraFirstViewController.swift */,
			);
			path = FullTest;
			sourceTree = "<group>";
		};
		E52CA3F57D7D475CAD95C5DE /* Extension */ = {
			isa = PBXGroup;
			children = (
				E52CA91AD1885FF452A8E002 /* SwiftExtensions.swift */,
				E52CAA95A645582AF2D4F8FF /* Moya+RxSwift */,
			);
			path = Extension;
			sourceTree = "<group>";
		};
		E52CA4970694E42F4931595C /* SwiftExtension */ = {
			isa = PBXGroup;
			children = (
				E52CAF3D1CB05AC5C62F461F /* Info.plist */,
				E52CA56AB12FAED9BFE8EE24 /* Assets.xcassets */,
				E52CA300544DFF978B784543 /* LaunchScreen.storyboard */,
				E52CA304638BD019E614F42D /* AppDelegate.swift */,
				E52CA9E190A2EDDA11943303 /* ViewController.swift */,
				E52CAEAE6C4186EB66A4A556 /* Main.storyboard */,
				E52CA3F57D7D475CAD95C5DE /* Extension */,
				E52CA18EC16828162A48655E /* TestFiles */,
				E52CAF1BF38E53AE20D8D8A6 /* Network */,
			);
			path = SwiftExtension;
			sourceTree = "<group>";
		};
		E52CA692AE86FAE025359B6E = {
			isa = PBXGroup;
			children = (
				E52CAF1F7566C9AB413663D5 /* Products */,
				E52CA4970694E42F4931595C /* SwiftExtension */,
				01A50C49C4B5CDB8AC70A3EB /* Pods */,
				497892CC7FFBB277FD3EA355 /* Frameworks */,
			);
			sourceTree = "<group>";
		};
		E52CAA95A645582AF2D4F8FF /* Moya+RxSwift */ = {
			isa = PBXGroup;
			children = (
				E52CAEB56B0373946F96CF34 /* MoyaProvider+Rx.swift */,
				E52CABFE72FAA44F3CB15C15 /* Observable+Response.swift */,
				E52CA248310A74DDF5393495 /* Single+Response.swift */,
			);
			path = "Moya+RxSwift";
			sourceTree = "<group>";
		};
		E52CAF1BF38E53AE20D8D8A6 /* Network */ = {
			isa = PBXGroup;
			children = (
				E52CA8E1DD0DE8010BBA809A /* StockApi.swift */,
				E52CA37A7124D682696E5773 /* ProviderManager.swift */,
				E52CA7AFD67B290EB8E50FAD /* ApiTarget.swift */,
				E52CA19AD0CF959ED8455AB2 /* CodingPlugin.swift */,
			);
			path = Network;
			sourceTree = "<group>";
		};
		E52CAF1F7566C9AB413663D5 /* Products */ = {
			isa = PBXGroup;
			children = (
				E52CA8F539C9D4C664FEF208 /* SwiftExtension.app */,
			);
			name = Products;
			sourceTree = "<group>";
		};
/* End PBXGroup section */

/* Begin PBXNativeTarget section */
		E52CAE6F96B7C3F23659DA17 /* SwiftExtension */ = {
			isa = PBXNativeTarget;
			buildConfigurationList = E52CA80387F130F6F6CDFBE1 /* Build configuration list for PBXNativeTarget "SwiftExtension" */;
			buildPhases = (
				EA152A623AFDE4ABBC5882F2 /* [CP] Check Pods Manifest.lock */,
				E52CAF1B8696EA79575A11A5 /* Sources */,
				E52CAF7743825E14B951ED26 /* Frameworks */,
				E52CA418BF49C90EA9AAA927 /* Resources */,
				E5EB0B6E5606243F9CD40A13 /* [CP] Embed Pods Frameworks */,
			);
			buildRules = (
			);
			dependencies = (
			);
			name = SwiftExtension;
			productName = SwiftExtension;
			productReference = E52CA8F539C9D4C664FEF208 /* SwiftExtension.app */;
			productType = "com.apple.product-type.application";
		};
/* End PBXNativeTarget section */

/* Begin PBXProject section */
		E52CAFE10A63CC7569E89627 /* Project object */ = {
			isa = PBXProject;
			attributes = {
				CLASSPREFIX = "";
				ORGANIZATIONNAME = "Jeffrey Wei";
			};
			buildConfigurationList = E52CACE2129B3358DB154D0A /* Build configuration list for PBXProject "SwiftExtension" */;
			compatibilityVersion = "Xcode 3.2";
			developmentRegion = English;
			hasScannedForEncodings = 0;
			knownRegions = (
				English,
				en,
				Base,
			);
			mainGroup = E52CA692AE86FAE025359B6E;
			productRefGroup = E52CAF1F7566C9AB413663D5 /* Products */;
			projectDirPath = "";
			projectRoot = "";
			targets = (
				E52CAE6F96B7C3F23659DA17 /* SwiftExtension */,
			);
		};
/* End PBXProject section */

/* Begin PBXResourcesBuildPhase section */
		E52CA418BF49C90EA9AAA927 /* Resources */ = {
			isa = PBXResourcesBuildPhase;
			buildActionMask = 2147483647;
			files = (
				E52CA343CA88DADAFED906F3 /* Assets.xcassets in Resources */,
				E52CAFD420487EADBC693EDA /* LaunchScreen.storyboard in Resources */,
				E52CAD8E706451723E464239 /* Main.storyboard in Resources */,
			);
			runOnlyForDeploymentPostprocessing = 0;
		};
/* End PBXResourcesBuildPhase section */

/* Begin PBXShellScriptBuildPhase section */
		E5EB0B6E5606243F9CD40A13 /* [CP] Embed Pods Frameworks */ = {
			isa = PBXShellScriptBuildPhase;
			buildActionMask = 2147483647;
			files = (
			);
			inputPaths = (
				"${PODS_ROOT}/Target Support Files/Pods-SwiftExtension/Pods-SwiftExtension-frameworks.sh",
				"${BUILT_PRODUCTS_DIR}/Alamofire/Alamofire.framework",
				"${BUILT_PRODUCTS_DIR}/Moya/Moya.framework",
				"${BUILT_PRODUCTS_DIR}/Result/Result.framework",
				"${BUILT_PRODUCTS_DIR}/RxCocoa/RxCocoa.framework",
				"${BUILT_PRODUCTS_DIR}/RxRelay/RxRelay.framework",
				"${BUILT_PRODUCTS_DIR}/RxSwift/RxSwift.framework",
				"${BUILT_PRODUCTS_DIR}/SnapKit/SnapKit.framework",
				"${BUILT_PRODUCTS_DIR}/SwifterSwift/SwifterSwift.framework",
			);
			name = "[CP] Embed Pods Frameworks";
			outputPaths = (
				"${TARGET_BUILD_DIR}/${FRAMEWORKS_FOLDER_PATH}/Alamofire.framework",
				"${TARGET_BUILD_DIR}/${FRAMEWORKS_FOLDER_PATH}/Moya.framework",
				"${TARGET_BUILD_DIR}/${FRAMEWORKS_FOLDER_PATH}/Result.framework",
				"${TARGET_BUILD_DIR}/${FRAMEWORKS_FOLDER_PATH}/RxCocoa.framework",
				"${TARGET_BUILD_DIR}/${FRAMEWORKS_FOLDER_PATH}/RxRelay.framework",
				"${TARGET_BUILD_DIR}/${FRAMEWORKS_FOLDER_PATH}/RxSwift.framework",
				"${TARGET_BUILD_DIR}/${FRAMEWORKS_FOLDER_PATH}/SnapKit.framework",
				"${TARGET_BUILD_DIR}/${FRAMEWORKS_FOLDER_PATH}/SwifterSwift.framework",
			);
			runOnlyForDeploymentPostprocessing = 0;
			shellPath = /bin/sh;
			shellScript = "\"${PODS_ROOT}/Target Support Files/Pods-SwiftExtension/Pods-SwiftExtension-frameworks.sh\"\n";
			showEnvVarsInLog = 0;
		};
		EA152A623AFDE4ABBC5882F2 /* [CP] Check Pods Manifest.lock */ = {
			isa = PBXShellScriptBuildPhase;
			buildActionMask = 2147483647;
			files = (
			);
			inputFileListPaths = (
			);
			inputPaths = (
				"${PODS_PODFILE_DIR_PATH}/Podfile.lock",
				"${PODS_ROOT}/Manifest.lock",
			);
			name = "[CP] Check Pods Manifest.lock";
			outputFileListPaths = (
			);
			outputPaths = (
				"$(DERIVED_FILE_DIR)/Pods-SwiftExtension-checkManifestLockResult.txt",
			);
			runOnlyForDeploymentPostprocessing = 0;
			shellPath = /bin/sh;
			shellScript = "diff \"${PODS_PODFILE_DIR_PATH}/Podfile.lock\" \"${PODS_ROOT}/Manifest.lock\" > /dev/null\nif [ $? != 0 ] ; then\n    # print error to STDERR\n    echo \"error: The sandbox is not in sync with the Podfile.lock. Run 'pod install' or update your CocoaPods installation.\" >&2\n    exit 1\nfi\n# This output is used by Xcode 'outputs' to avoid re-running this script phase.\necho \"SUCCESS\" > \"${SCRIPT_OUTPUT_FILE_0}\"\n";
			showEnvVarsInLog = 0;
		};
/* End PBXShellScriptBuildPhase section */

/* Begin PBXSourcesBuildPhase section */
		E52CAF1B8696EA79575A11A5 /* Sources */ = {
			isa = PBXSourcesBuildPhase;
			buildActionMask = 2147483647;
			files = (
				E52CA486B196C987592CE4B8 /* AppDelegate.swift in Sources */,
				E52CA29E2342CFC94204B11A /* ViewController.swift in Sources */,
				E52CA58E3B3F471A970AFA4D /* SwiftExtensions.swift in Sources */,
				E52CA4D7C9A09F61468EDDAB /* PropertyWrapperTest.swift in Sources */,
				E52CAC8D4DC6553A729A11B6 /* StockApi.swift in Sources */,
				E52CA8A539CDCB8B3265E0D3 /* ProviderManager.swift in Sources */,
				E52CA18B68489E5A24C2EC96 /* ApiTarget.swift in Sources */,
				E52CA41904F5462040F82050 /* CodingPlugin.swift in Sources */,
				E52CA3EAF80226849334F0BC /* MoyaProvider+Rx.swift in Sources */,
				E52CA6E46FC267FC465F8270 /* Observable+Response.swift in Sources */,
				E52CAF22D23F8E488AB2F461 /* Single+Response.swift in Sources */,
				E52CAB4227CD4BD23BD85666 /* FullViewController.swift in Sources */,
				E52CA2C9AAEF20B382754F1A /* TestEnum.swift in Sources */,
				E52CAF8DDBFDE48817EC87E6 /* FullSubViewController.swift in Sources */,
				E52CA131EE7F54B8729D4F01 /* ExtraFirstViewController.swift in Sources */,
			);
			runOnlyForDeploymentPostprocessing = 0;
		};
/* End PBXSourcesBuildPhase section */

/* Begin PBXVariantGroup section */
		E52CA300544DFF978B784543 /* LaunchScreen.storyboard */ = {
			isa = PBXVariantGroup;
			children = (
				E52CAC05AC3CBFD784F53D07 /* Base */,
			);
			name = LaunchScreen.storyboard;
			sourceTree = "<group>";
		};
		E52CAEAE6C4186EB66A4A556 /* Main.storyboard */ = {
			isa = PBXVariantGroup;
			children = (
				E52CAB0B880D81D05BC10B41 /* Base */,
			);
			name = Main.storyboard;
			sourceTree = "<group>";
		};
/* End PBXVariantGroup section */

/* Begin XCBuildConfiguration section */
		E52CA1257BE3B77B6493CBCE /* Debug */ = {
			isa = XCBuildConfiguration;
			buildSettings = {
				ALWAYS_SEARCH_USER_PATHS = NO;
				CLANG_ANALYZER_NONNULL = YES;
				CLANG_ANALYZER_NUMBER_OBJECT_CONVERSION = YES_AGGRESSIVE;
				CLANG_CXX_LANGUAGE_STANDARD = "gnu++14";
				CLANG_CXX_LIBRARY = "libc++";
				CLANG_ENABLE_MODULES = YES;
				CLANG_ENABLE_OBJC_ARC = YES;
				CLANG_ENABLE_OBJC_WEAK = YES;
				CLANG_WARN_BLOCK_CAPTURE_AUTORELEASING = YES;
				CLANG_WARN_BOOL_CONVERSION = YES;
				CLANG_WARN_COMMA = YES;
				CLANG_WARN_CONSTANT_CONVERSION = YES;
				CLANG_WARN_DEPRECATED_OBJC_IMPLEMENTATIONS = YES;
				CLANG_WARN_DIRECT_OBJC_ISA_USAGE = YES_ERROR;
				CLANG_WARN_DOCUMENTATION_COMMENTS = YES;
				CLANG_WARN_EMPTY_BODY = YES;
				CLANG_WARN_ENUM_CONVERSION = YES;
				CLANG_WARN_INFINITE_RECURSION = YES;
				CLANG_WARN_INT_CONVERSION = YES;
				CLANG_WARN_NON_LITERAL_NULL_CONVERSION = YES;
				CLANG_WARN_OBJC_IMPLICIT_RETAIN_SELF = YES;
				CLANG_WARN_OBJC_LITERAL_CONVERSION = YES;
				CLANG_WARN_OBJC_ROOT_CLASS = YES_ERROR;
				CLANG_WARN_RANGE_LOOP_ANALYSIS = YES;
				CLANG_WARN_STRICT_PROTOTYPES = YES;
				CLANG_WARN_SUSPICIOUS_MOVE = YES;
				CLANG_WARN_UNGUARDED_AVAILABILITY = YES_AGGRESSIVE;
				CLANG_WARN_UNREACHABLE_CODE = YES;
				CLANG_WARN__DUPLICATE_METHOD_MATCH = YES;
				COPY_PHASE_STRIP = NO;
				DEBUG_INFORMATION_FORMAT = dwarf;
				ENABLE_STRICT_OBJC_MSGSEND = YES;
				ENABLE_TESTABILITY = YES;
				GCC_C_LANGUAGE_STANDARD = gnu11;
				GCC_DYNAMIC_NO_PIC = NO;
				GCC_NO_COMMON_BLOCKS = YES;
				GCC_OPTIMIZATION_LEVEL = 0;
				GCC_PREPROCESSOR_DEFINITIONS = (
					"DEBUG=1",
					"$(inherited)",
				);
				GCC_WARN_64_TO_32_BIT_CONVERSION = YES;
				GCC_WARN_ABOUT_RETURN_TYPE = YES_ERROR;
				GCC_WARN_UNDECLARED_SELECTOR = YES;
				GCC_WARN_UNINITIALIZED_AUTOS = YES_AGGRESSIVE;
				GCC_WARN_UNUSED_FUNCTION = YES;
				GCC_WARN_UNUSED_VARIABLE = YES;
				IPHONEOS_DEPLOYMENT_TARGET = 13.2;
				MTL_ENABLE_DEBUG_INFO = INCLUDE_SOURCE;
				MTL_FAST_MATH = YES;
				ONLY_ACTIVE_ARCH = YES;
				SDKROOT = iphoneos;
				SWIFT_ACTIVE_COMPILATION_CONDITIONS = DEBUG;
				SWIFT_OPTIMIZATION_LEVEL = "-Onone";
				USER_HEADER_SEARCH_PATHS = "${SRCROOT} /**";
			};
			name = Debug;
		};
		E52CA13E853127484D68957F /* Release */ = {
			isa = XCBuildConfiguration;
			buildSettings = {
				ALWAYS_SEARCH_USER_PATHS = NO;
				CLANG_ANALYZER_NONNULL = YES;
				CLANG_ANALYZER_NUMBER_OBJECT_CONVERSION = YES_AGGRESSIVE;
				CLANG_CXX_LANGUAGE_STANDARD = "gnu++14";
				CLANG_CXX_LIBRARY = "libc++";
				CLANG_ENABLE_MODULES = YES;
				CLANG_ENABLE_OBJC_ARC = YES;
				CLANG_ENABLE_OBJC_WEAK = YES;
				CLANG_WARN_BLOCK_CAPTURE_AUTORELEASING = YES;
				CLANG_WARN_BOOL_CONVERSION = YES;
				CLANG_WARN_COMMA = YES;
				CLANG_WARN_CONSTANT_CONVERSION = YES;
				CLANG_WARN_DEPRECATED_OBJC_IMPLEMENTATIONS = YES;
				CLANG_WARN_DIRECT_OBJC_ISA_USAGE = YES_ERROR;
				CLANG_WARN_DOCUMENTATION_COMMENTS = YES;
				CLANG_WARN_EMPTY_BODY = YES;
				CLANG_WARN_ENUM_CONVERSION = YES;
				CLANG_WARN_INFINITE_RECURSION = YES;
				CLANG_WARN_INT_CONVERSION = YES;
				CLANG_WARN_NON_LITERAL_NULL_CONVERSION = YES;
				CLANG_WARN_OBJC_IMPLICIT_RETAIN_SELF = YES;
				CLANG_WARN_OBJC_LITERAL_CONVERSION = YES;
				CLANG_WARN_OBJC_ROOT_CLASS = YES_ERROR;
				CLANG_WARN_RANGE_LOOP_ANALYSIS = YES;
				CLANG_WARN_STRICT_PROTOTYPES = YES;
				CLANG_WARN_SUSPICIOUS_MOVE = YES;
				CLANG_WARN_UNGUARDED_AVAILABILITY = YES_AGGRESSIVE;
				CLANG_WARN_UNREACHABLE_CODE = YES;
				CLANG_WARN__DUPLICATE_METHOD_MATCH = YES;
				COPY_PHASE_STRIP = NO;
				DEBUG_INFORMATION_FORMAT = "dwarf-with-dsym";
				ENABLE_NS_ASSERTIONS = NO;
				ENABLE_STRICT_OBJC_MSGSEND = YES;
				GCC_C_LANGUAGE_STANDARD = gnu11;
				GCC_NO_COMMON_BLOCKS = YES;
				GCC_WARN_64_TO_32_BIT_CONVERSION = YES;
				GCC_WARN_ABOUT_RETURN_TYPE = YES_ERROR;
				GCC_WARN_UNDECLARED_SELECTOR = YES;
				GCC_WARN_UNINITIALIZED_AUTOS = YES_AGGRESSIVE;
				GCC_WARN_UNUSED_FUNCTION = YES;
				GCC_WARN_UNUSED_VARIABLE = YES;
				IPHONEOS_DEPLOYMENT_TARGET = 13.2;
				MTL_ENABLE_DEBUG_INFO = NO;
				MTL_FAST_MATH = YES;
				SDKROOT = iphoneos;
				SWIFT_OPTIMIZATION_LEVEL = "-Owholemodule";
				USER_HEADER_SEARCH_PATHS = "${SRCROOT} /**";
				VALIDATE_PRODUCT = YES;
			};
			name = Release;
		};
		E52CAD5EDABDA28890FC53C6 /* Release */ = {
			isa = XCBuildConfiguration;
			baseConfigurationReference = F75E2647ADA84637FE43BEDD /* Pods-SwiftExtension.release.xcconfig */;
			buildSettings = {
				ASSETCATALOG_COMPILER_APPICON_NAME = AppIcon;
				INFOPLIST_FILE = SwiftExtension/Info.plist;
				IPHONEOS_DEPLOYMENT_TARGET = 10.0;
				LD_RUNPATH_SEARCH_PATHS = "$(inherited) @executable_path/Frameworks";
				PRODUCT_BUNDLE_IDENTIFIER = cn.jeffrey.SwiftExtension;
				PRODUCT_NAME = "$(TARGET_NAME)";
				SWIFT_VERSION = 5.0;
				TARGETED_DEVICE_FAMILY = "1,2";
			};
			name = Release;
		};
		E52CAEE327551E74A116BF96 /* Debug */ = {
			isa = XCBuildConfiguration;
			baseConfigurationReference = 5407D599D4727EC0B5AD5D80 /* Pods-SwiftExtension.debug.xcconfig */;
			buildSettings = {
				ASSETCATALOG_COMPILER_APPICON_NAME = AppIcon;
				INFOPLIST_FILE = SwiftExtension/Info.plist;
				IPHONEOS_DEPLOYMENT_TARGET = 10.0;
				LD_RUNPATH_SEARCH_PATHS = "$(inherited) @executable_path/Frameworks";
				PRODUCT_BUNDLE_IDENTIFIER = cn.jeffrey.SwiftExtension;
				PRODUCT_NAME = "$(TARGET_NAME)";
				SWIFT_VERSION = 5.0;
				TARGETED_DEVICE_FAMILY = "1,2";
			};
			name = Debug;
		};
/* End XCBuildConfiguration section */

/* Begin XCConfigurationList section */
		E52CA80387F130F6F6CDFBE1 /* Build configuration list for PBXNativeTarget "SwiftExtension" */ = {
			isa = XCConfigurationList;
			buildConfigurations = (
				E52CAEE327551E74A116BF96 /* Debug */,
				E52CAD5EDABDA28890FC53C6 /* Release */,
			);
			defaultConfigurationIsVisible = 0;
			defaultConfigurationName = Release;
		};
		E52CACE2129B3358DB154D0A /* Build configuration list for PBXProject "SwiftExtension" */ = {
			isa = XCConfigurationList;
			buildConfigurations = (
				E52CA1257BE3B77B6493CBCE /* Debug */,
				E52CA13E853127484D68957F /* Release */,
			);
			defaultConfigurationIsVisible = 0;
			defaultConfigurationName = Release;
		};
/* End XCConfigurationList section */
	};
	rootObject = E52CAFE10A63CC7569E89627 /* Project object */;
}
